
Microsoft Visual Studio Solution File, Format Version 12.00
# Visual Studio Version 16
VisualStudioVersion = 16.0.30517.126
MinimumVisualStudioVersion = 10.0.40219.1
Project("{8BC9CEB8-8B4A-11D0-8D11-00A0C91BC942}") = "PPLab7", "PPLab7\PPLab7.vcxproj", "{B8E52506-6A43-4136-A754-7D9E7C7FE7CF}"
EndProject
Global
	GlobalSection(SolutionConfigurationPlatforms) = preSolution
		Debug|x64 = Debug|x64
		Debug|x86 = Debug|x86
		Release|x64 = Release|x64
		Release|x86 = Release|x86
	EndGlobalSection
	GlobalSection(ProjectConfigurationPlatforms) = postSolution
		{B8E52506-6A43-4136-A754-7D9E7C7FE7CF}.Debug|x64.ActiveCfg = Debug|x64
		{B8E52506-6A43-4136-A754-7D9E7C7FE7CF}.Debug|x64.Build.0 = Debug|x64
		{B8E52506-6A43-4136-A754-7D9E7C7FE7CF}.Debug|x86.ActiveCfg = Debug|Win32
		{B8E52506-6A43-4136-A754-7D9E7C7FE7CF}.Debug|x86.Build.0 = Debug|Win32
		{B8E52506-6A43-4136-A754-7D9E7C7FE7CF}.Release|x64.ActiveCfg = Release|x64
		{B8E52506-6A43-4136-A754-7D9E7C7FE7CF}.Release|x64.Build.0 = Release|x64
		{B8E52506-6A43-4136-A754-7D9E7C7FE7CF}.Release|x86.ActiveCfg = Release|Win32
		{B8E52506-6A43-4136-A754-7D9E7C7FE7CF}.Release|x86.Build.0 = Release|Win32
	EndGlobalSection
	GlobalSection(SolutionProperties) = preSolution
		HideSolutionNode = FALSE
	EndGlobalSection
	GlobalSection(ExtensibilityGlobals) = postSolution
		SolutionGuid = {FDED5F0D-7747-4347-9030-8A7E8F9BBC24}
	EndGlobalSection
EndGlobal
